# THIS IS AN AUTOGENERATED FILE. DO NOT EDIT THIS FILE DIRECTLY.
# yarn lockfile v1


csv-parse@^4.10.1:
  version "4.15.4"
  resolved "https://registry.yarnpkg.com/csv-parse/-/csv-parse-4.15.4.tgz#ad1ec62aaf71a642982dfcb81f1848184d691db5"

lodash@^4.17.21:
  version "4.17.21"
  resolved "https://registry.yarnpkg.com/lodash/-/lodash-4.17.21.tgz#679591c564c3bffaae8454cf0b3df370c3d6911c"

moment@^2.26.0:
  version "2.29.1"
  resolved "https://registry.yarnpkg.com/moment/-/moment-2.29.1.tgz#b2be769fa31940be9eeea6469c075e35006fa3d3"
