# THIS IS AN AUTOGENERATED FILE. DO NOT EDIT THIS FILE DIRECTLY.
# yarn lockfile v1


csv-generate@^3.2.0:
  version "3.2.0"
  resolved "https://registry.yarnpkg.com/csv-generate/-/csv-generate-3.2.0.tgz#17c0defbad71bfe63182cd3c41c972138ce0b300"

csv-parse@^4.3.0:
  version "4.3.3"
  resolved "https://registry.yarnpkg.com/csv-parse/-/csv-parse-4.3.3.tgz#7aa120da34ce1a9d911fbb89c2ae313dcdaf7324"

csv-stringify@^5.1.2:
  version "5.3.0"
  resolved "https://registry.yarnpkg.com/csv-stringify/-/csv-stringify-5.3.0.tgz#ff2dfafa6fcccd455ff5039be9c202475aa3bbe0"
  dependencies:
    lodash.get "~4.4.2"

csv@^5.1.1:
  version "5.1.1"
  resolved "https://registry.yarnpkg.com/csv/-/csv-5.1.1.tgz#bd715f15a4ed9141309a24ec6dab1c903ab79f92"
  dependencies:
    csv-generate "^3.2.0"
    csv-parse "^4.3.0"
    csv-stringify "^5.1.2"
    stream-transform "^1.0.8"

lodash.get@~4.4.2:
  version "4.4.2"
  resolved "https://registry.yarnpkg.com/lodash.get/-/lodash.get-4.4.2.tgz#2d177f652fa31e939b4438d5341499dfa3825e99"

lodash@^4.17.11:
  version "4.17.11"
  resolved "https://registry.yarnpkg.com/lodash/-/lodash-4.17.11.tgz#b39ea6229ef607ecd89e2c8df12536891cac9b8d"

moment@^2.24.0:
  version "2.24.0"
  resolved "https://registry.yarnpkg.com/moment/-/moment-2.24.0.tgz#0d055d53f5052aa653c9f6eb68bb5d12bf5c2b5b"

stream-transform@^1.0.8:
  version "1.0.8"
  resolved "https://registry.yarnpkg.com/stream-transform/-/stream-transform-1.0.8.tgz#54f721122d310eca855a16c97939881ab5bbb76c"
